hash: c5eb009a3f713fb6085f7ae4323820fad724491eebb37818fd44f91f724d70f0
updated: 2017-09-19T15:11:36.30734585+02:00
imports:
- name: github.com/blevesearch/bleve
  version: 6eea5b78da004393b1d06b8c88d1bed9ca0a94b2
  subpackages:
  - analysis
  - analysis/analyzer/custom
  - analysis/analyzer/keyword
  - analysis/analyzer/simple
  - analysis/analyzer/standard
  - analysis/analyzer/web
  - analysis/char/html
  - analysis/char/regexp
  - analysis/char/zerowidthnonjoiner
  - analysis/datetime/flexible
  - analysis/datetime/optional
  - analysis/lang/ar
  - analysis/lang/bg
  - analysis/lang/ca
  - analysis/lang/cjk
  - analysis/lang/ckb
  - analysis/lang/cs
  - analysis/lang/el
  - analysis/lang/en
  - analysis/lang/eu
  - analysis/lang/fa
  - analysis/lang/fr
  - analysis/lang/ga
  - analysis/lang/gl
  - analysis/lang/hi
  - analysis/lang/hy
  - analysis/lang/id
  - analysis/lang/in
  - analysis/lang/it
  - analysis/lang/pt
  - analysis/token/apostrophe
  - analysis/token/compound
  - analysis/token/edgengram
  - analysis/token/elision
  - analysis/token/keyword
  - analysis/token/length
  - analysis/token/lowercase
  - analysis/token/ngram
  - analysis/token/porter
  - analysis/token/shingle
  - analysis/token/stop
  - analysis/token/truncate
  - analysis/token/unicodenorm
  - analysis/tokenizer/character
  - analysis/tokenizer/exception
  - analysis/tokenizer/letter
  - analysis/tokenizer/regexp
  - analysis/tokenizer/single
  - analysis/tokenizer/unicode
  - analysis/tokenizer/web
  - analysis/tokenizer/whitespace
  - analysis/tokenmap
  - config
  - document
  - geo
  - index
  - index/store
  - index/store/boltdb
  - index/store/goleveldb
  - index/store/gtreap
  - index/store/moss
  - index/upsidedown
  - mapping
  - numeric
  - registry
  - search
  - search/collector
  - search/facet
  - search/highlight
  - search/highlight/format/ansi
  - search/highlight/format/html
  - search/highlight/fragmenter/simple
  - search/highlight/highlighter/ansi
  - search/highlight/highlighter/html
  - search/highlight/highlighter/simple
  - search/query
  - search/scorer
  - search/searcher
- name: github.com/blevesearch/blevex
  version: dfb1a3c92252ad0b5f36b78a0e750ec25d1b67c4
  subpackages:
  - cznicb
  - detectlang
  - icu
  - lang/da
  - lang/de
  - lang/en
  - lang/es
  - lang/fi
  - lang/fr
  - lang/hu
  - lang/it
  - lang/ja
  - lang/nl
  - lang/no
  - lang/pt
  - lang/ro
  - lang/ru
  - lang/sv
  - lang/th
  - lang/tr
  - leveldb
  - rocksdb
  - stemmer
- name: github.com/blevesearch/cld2
  version: 10f17c049ec9b2c706118870a0f580a370217a65
- name: github.com/blevesearch/go-porterstemmer
  version: 23a2c8e5cf1f380f27722c6d2ae8896431dc7d0e
  repo: https://github.com/blevesearch/go-porterstemmer
- name: github.com/blevesearch/segment
  version: db70c57796cc8c310613541dfade3dce627d09c7
  repo: https://github.com/blevesearch/segment
- name: github.com/boltdb/bolt
  version: 144418e1475d8bf7abbdc48583500f1a20c62ea7
  repo: https://github.com/boltdb/bolt
- name: github.com/buger/jsonparser
  version: fda8192cc4f100afbdbbcce82284a5b711969174
- name: github.com/coreos/etcd
  version: 5bb9f9591f01d0a3c61d2eb3a3bb281726005b2b
  subpackages:
  - auth/authpb
  - clientv3
  - clientv3/clientv3util
  - etcdserver/api/v3rpc/rpctypes
  - etcdserver/etcdserverpb
  - mvcc/mvccpb
- name: github.com/couchbase/ghistogram
  version: d910dd063dd68fb4d2a1ba344440f834ebb4ef62
- name: github.com/couchbase/moss
  version: fc637b3f82ec5b8139b0d295f6588c6a2bea5a16
  repo: https://github.com/couchbase/moss
- name: github.com/cznic/b
  version: 6955404bf550e1eae1bf83121739078b027f4547
- name: github.com/edsrzf/mmap-go
  version: 0bce6a6887123b67a60366d2c9fe2dfb74289d2e
- name: github.com/fsnotify/fsnotify
  version: 4da3e2cfbabc9f751898f250b49f2439785783a1
- name: github.com/golang/protobuf
  version: ae59567b9aab61b50b2590679a62c3c044030b61
  vcs: git
  subpackages:
  - descriptor
  - jsonpb
  - proto
  - proto
  - protoc-gen-go/descriptor
  - ptypes/any
  - ptypes/duration
  - ptypes/empty
  - ptypes/struct
  - ptypes/timestamp
  - ptypes/wrappers
- name: github.com/golang/snappy
  version: cef980a12b316c5b7e5bb3a8e168eb43ae999a88
  repo: https://github.com/golang/snappy
- name: github.com/gorilla/context
  version: 08b5f424b9271eedf6f9f0ce86cb9396ed337a42
- name: github.com/gorilla/mux
  version: 24fca303ac6da784b9e8269f724ddeb0b2eea5e7
- name: github.com/grpc-ecosystem/grpc-gateway
  version: 8bec008bd140852468324fdd069ed8e38d37a963
  subpackages:
  - runtime
  - third_party/googleapis/google/api
  - utilities
- name: github.com/hashicorp/hcl
  version: 68e816d1c783414e79bc65b3994d9ab6b0a722ab
  subpackages:
  - hcl/ast
  - hcl/parser
  - hcl/scanner
  - hcl/strconv
  - hcl/token
  - json/parser
  - json/scanner
  - json/token
- name: github.com/ikawaha/kagome.ipadic
  version: 23eb09ba7f7fcb3c161f30658c3e0756f9180b46
  subpackages:
  - internal/da
  - internal/dic
  - internal/dic/data
  - internal/lattice
  - tokenizer
- name: github.com/inconshreveable/mousetrap
  version: 76626ae9c91c4f2a10f34cad8ce83ea42c93bb75
- name: github.com/jmhodges/levigo
  version: c42d9e0ca023e2198120196f842701bb4c55d7b9
- name: github.com/magiconair/properties
  version: 8d7837e64d3c1ee4e54a880c5a920ab4316fc90a
- name: github.com/mitchellh/mapstructure
  version: d0303fe809921458f417bcf828397a65db30a7e4
- name: github.com/mschoch/smat
  version: 90eadee771aeab36e8bf796039b8c261bebebe4f
- name: github.com/pelletier/go-toml
  version: 1d6b12b7cb290426e27e6b4e38b89fcda3aeef03
- name: github.com/pkg/errors
  version: 2b3a18b5f0fb6b4f9190549597d3f962c02bc5eb
- name: github.com/sirupsen/logrus
  version: 89742aefa4b206dcf400792f3bd35b542998eb3b
- name: github.com/spf13/afero
  version: ee1bd8ee15a1306d1f9201acc41ef39cd9f99a1b
  subpackages:
  - mem
- name: github.com/spf13/cast
  version: acbeb36b902d72a7a4c18e8f3241075e7ab763e4
- name: github.com/spf13/cobra
  version: b78744579491c1ceeaaa3b40205e56b0591b93a3
- name: github.com/spf13/jwalterweatherman
  version: 12bd96e66386c1960ab0f74ced1362f66f552f7b
- name: github.com/spf13/pflag
  version: 7aff26db30c1be810f9de5038ec5ef96ac41fd7c
- name: github.com/spf13/viper
  version: 25b30aa063fc18e48662b86996252eabdcf2f0c7
- name: github.com/steveyen/gtreap
  version: 0abe01ef9be25c4aedc174758ec2d917314d6d70
  repo: https://github.com/steveyen/gtreap
- name: github.com/syndtr/goleveldb
  version: 93fc893f2dadb96ffde441c7546cc67ea290a3a8
  repo: https://github.com/syndtr/goleveldb
  subpackages:
  - leveldb
  - leveldb/cache
  - leveldb/comparer
  - leveldb/errors
  - leveldb/filter
  - leveldb/iterator
  - leveldb/journal
  - leveldb/memdb
  - leveldb/opt
  - leveldb/storage
  - leveldb/table
  - leveldb/util
- name: github.com/talbright/keds
  version: e28080dbbcdc8bcf94f9e4f3b71ec030aedf8a4a
  subpackages:
  - client
  - events
  - gen/proto
  - plugin
  - server
  - utils/system
  - utils/token
- name: github.com/tebeka/snowball
  version: 6b06bd306c4e4442a63e546752278920ae487934
- name: github.com/tecbot/gorocksdb
  version: b9cb0d30eca790f5bcf524dd3beb715d6c8d1923
- name: github.com/willf/bitset
  version: 2e6e8094ef4745224150c88c16191c7dceaad16f
  repo: https://github.com/willf/bitset
- name: golang.org/x/crypto
  version: 7d9177d70076375b9a59c8fde23d52d9c4a7ecd5
  subpackages:
  - ssh/terminal
- name: golang.org/x/net
  version: e45385e9b226f570b1f086bf287b25d3d4117776
  subpackages:
  - context
  - http2
  - http2/hpack
  - internal/timeseries
  - trace
- name: golang.org/x/sys
  version: e48874b42435b4347fc52bdee0424a52abc974d7
  subpackages:
  - unix
  - windows
- name: golang.org/x/text
  version: 5ee49cfe751141f8017047bab800d1f528ee3be1
  repo: https://go.googlesource.com/text
  subpackages:
  - transform
  - unicode/norm
- name: google.golang.org/genproto
  version: 09f6ed296fc66555a25fe4ce95173148778dfa85
  subpackages:
  - googleapis/rpc/status
- name: google.golang.org/grpc
  version: b3a44ab17b608fdae6ad11d44e3ce3c9084a2c0e
  subpackages:
  - codes
  - connectivity
  - credentials
  - grpclb/grpc_lb_v1
  - grpclog
  - health/grpc_health_v1
  - internal
  - keepalive
  - metadata
  - naming
  - peer
  - reflection
  - reflection/grpc_reflection_v1alpha
  - stats
  - status
  - tap
  - transport
- name: gopkg.in/yaml.v2
  version: eb3733d160e74a9c7e442f435eb3bea458e1d19f
testImports: []
